
Microsoft Visual Studio Solution File, Format Version 12.00
# Visual Studio Version 16
VisualStudioVersion = 16.0.30907.101
MinimumVisualStudioVersion = 10.0.40219.1
Project("{FAE04EC0-301F-11D3-BF4B-00C04F79EFBC}") = "WCFService", "Project\WCFService.csproj", "{1B172F7E-B6BC-491D-9BC0-1DE70DA1BD7E}"
EndProject
Project("{FAE04EC0-301F-11D3-BF4B-00C04F79EFBC}") = "MVC_Pemerintah_n_RegVaskin", "AplikasiTrackingVaksin\MVC_Pemerintah_n_RegVaskin.csproj", "{EF857664-FC91-4226-A01C-DF1AE2943AA2}"
	ProjectSection(ProjectDependencies) = postProject
		{1B172F7E-B6BC-491D-9BC0-1DE70DA1BD7E} = {1B172F7E-B6BC-491D-9BC0-1DE70DA1BD7E}
	EndProjectSection
EndProject
Global
	GlobalSection(SolutionConfigurationPlatforms) = preSolution
		Debug|Any CPU = Debug|Any CPU
		Release|Any CPU = Release|Any CPU
	EndGlobalSection
	GlobalSection(ProjectConfigurationPlatforms) = postSolution
		{1B172F7E-B6BC-491D-9BC0-1DE70DA1BD7E}.Debug|Any CPU.ActiveCfg = Debug|Any CPU
		{1B172F7E-B6BC-491D-9BC0-1DE70DA1BD7E}.Debug|Any CPU.Build.0 = Debug|Any CPU
		{1B172F7E-B6BC-491D-9BC0-1DE70DA1BD7E}.Release|Any CPU.ActiveCfg = Release|Any CPU
		{1B172F7E-B6BC-491D-9BC0-1DE70DA1BD7E}.Release|Any CPU.Build.0 = Release|Any CPU
		{EF857664-FC91-4226-A01C-DF1AE2943AA2}.Debug|Any CPU.ActiveCfg = Debug|Any CPU
		{EF857664-FC91-4226-A01C-DF1AE2943AA2}.Debug|Any CPU.Build.0 = Debug|Any CPU
		{EF857664-FC91-4226-A01C-DF1AE2943AA2}.Release|Any CPU.ActiveCfg = Release|Any CPU
		{EF857664-FC91-4226-A01C-DF1AE2943AA2}.Release|Any CPU.Build.0 = Release|Any CPU
	EndGlobalSection
	GlobalSection(SolutionProperties) = preSolution
		HideSolutionNode = FALSE
	EndGlobalSection
	GlobalSection(ExtensibilityGlobals) = postSolution
		SolutionGuid = {8F1694F5-3BFF-47AE-9928-9D4695D740A9}
	EndGlobalSection
EndGlobal
